{
  "name": "AAI",
  "lockfileVersion": 3,
  "requires": true,
  "packages": {
    "": {
      "dependencies": {
        "child_process": "^1.0.2",
        "jquery": "^3.7.1",
        "sweetalert2": "^11.10.8"
      }
    },
    "node_modules/child_process": {
      "version": "1.0.2",
      "resolved": "https://registry.npmjs.org/child_process/-/child_process-1.0.2.tgz",
      "integrity": "sha512-Wmza/JzL0SiWz7kl6MhIKT5ceIlnFPJX+lwUGj7Clhy5MMldsSoJR0+uvRzOS5Kv45Mq7t1PoE8TsOA9bzvb6g=="
    },
    "node_modules/jquery": {
      "version": "3.7.1",
      "resolved": "https://registry.npmjs.org/jquery/-/jquery-3.7.1.tgz",
      "integrity": "sha512-m4avr8yL8kmFN8psrbFFFmB/If14iN5o9nw/NgnnM+kybDJpRsAynV2BsfpTYrTRysYUdADVD7CkUUizgkpLfg=="
    },
    "node_modules/sweetalert2": {
      "version": "11.10.8",
      "resolved": "https://registry.npmjs.org/sweetalert2/-/sweetalert2-11.10.8.tgz",
      "integrity": "sha512-oAkYROBfXBY+4sVbQEIcN+ZxAx69lsmz5WEBwdEpyS4m59vOBNlRU5/fJpAI1MVfiDwFZiGwVzB/KBpOyfLNtg==",
      "funding": {
        "type": "individual",
        "url": "https://github.com/sponsors/limonte"
      }
    }
  }
}
